// !$*UTF8*$!
{
	archiveVersion = 1;
	classes = {
	};
	objectVersion = 56;
	objects = {

/* Begin PBXBuildFile section */
		D7716132298FA4DC00D86F74 /* Spacing+Extension.swift in Sources */ = {isa = PBXBuildFile; fileRef = D7716131298FA4DC00D86F74 /* Spacing+Extension.swift */; };
		D7F18C81298D2A6100695AE1 /* AppDelegate.swift in Sources */ = {isa = PBXBuildFile; fileRef = D7F18C80298D2A6100695AE1 /* AppDelegate.swift */; };
		D7F18C83298D2A6100695AE1 /* SceneDelegate.swift in Sources */ = {isa = PBXBuildFile; fileRef = D7F18C82298D2A6100695AE1 /* SceneDelegate.swift */; };
		D7F18C85298D2A6100695AE1 /* ViewController.swift in Sources */ = {isa = PBXBuildFile; fileRef = D7F18C84298D2A6100695AE1 /* ViewController.swift */; };
		D7F18C88298D2A6100695AE1 /* Main.storyboard in Resources */ = {isa = PBXBuildFile; fileRef = D7F18C86298D2A6100695AE1 /* Main.storyboard */; };
		D7F18C8A298D2A6400695AE1 /* Assets.xcassets in Resources */ = {isa = PBXBuildFile; fileRef = D7F18C89298D2A6400695AE1 /* Assets.xcassets */; };
		D7F18C8D298D2A6400695AE1 /* LaunchScreen.storyboard in Resources */ = {isa = PBXBuildFile; fileRef = D7F18C8B298D2A6400695AE1 /* LaunchScreen.storyboard */; };
		D7F18C98298D2EDD00695AE1 /* UIView+Extension.swift in Sources */ = {isa = PBXBuildFile; fileRef = D7F18C97298D2EDD00695AE1 /* UIView+Extension.swift */; };
		D7F18C9C298D32F600695AE1 /* UIColor+Extension.swift in Sources */ = {isa = PBXBuildFile; fileRef = D7F18C9B298D32F600695AE1 /* UIColor+Extension.swift */; };
		D7F18C9E298D34ED00695AE1 /* BackgroundView.swift in Sources */ = {isa = PBXBuildFile; fileRef = D7F18C9D298D34ED00695AE1 /* BackgroundView.swift */; };
		D7F18CA0298D356700695AE1 /* CategoriesView.swift in Sources */ = {isa = PBXBuildFile; fileRef = D7F18C9F298D356700695AE1 /* CategoriesView.swift */; };
		D7F18CA2298D358100695AE1 /* CategoriesViewCell.swift in Sources */ = {isa = PBXBuildFile; fileRef = D7F18CA1298D358100695AE1 /* CategoriesViewCell.swift */; };
		D7F18CCF298DA28000695AE1 /* SF-Pro-Display-Regular.ttf in Resources */ = {isa = PBXBuildFile; fileRef = D7F18CCE298DA28000695AE1 /* SF-Pro-Display-Regular.ttf */; };
		D7F18CD1298E1E6D00695AE1 /* SF-Pro-Display-Medium.ttf in Resources */ = {isa = PBXBuildFile; fileRef = D7F18CD0298E1E6D00695AE1 /* SF-Pro-Display-Medium.ttf */; };
		D7F18CD3298E239400695AE1 /* SF-Pro-Display-Bold.ttf in Resources */ = {isa = PBXBuildFile; fileRef = D7F18CD2298E239400695AE1 /* SF-Pro-Display-Bold.ttf */; };
		D7F18CD5298E3DB300695AE1 /* BottomView.swift in Sources */ = {isa = PBXBuildFile; fileRef = D7F18CD4298E3DB300695AE1 /* BottomView.swift */; };
		D7F18CE3298E60C500695AE1 /* DescriptionView.swift in Sources */ = {isa = PBXBuildFile; fileRef = D7F18CE2298E60C500695AE1 /* DescriptionView.swift */; };
		D7F18CE5298E61A300695AE1 /* TitleView.swift in Sources */ = {isa = PBXBuildFile; fileRef = D7F18CE4298E61A300695AE1 /* TitleView.swift */; };
		D7F18CE7298E6E1700695AE1 /* Resources.swift in Sources */ = {isa = PBXBuildFile; fileRef = D7F18CE6298E6E1700695AE1 /* Resources.swift */; };
		D7F18CEA298EB30200695AE1 /* CategoriesView copy.swift in Sources */ = {isa = PBXBuildFile; fileRef = D7F18CE9298EB30200695AE1 /* CategoriesView copy.swift */; };
/* End PBXBuildFile section */

/* Begin PBXFileReference section */
		D7716131298FA4DC00D86F74 /* Spacing+Extension.swift */ = {isa = PBXFileReference; lastKnownFileType = sourcecode.swift; path = "Spacing+Extension.swift"; sourceTree = "<group>"; };
		D7F18C7D298D2A6100695AE1 /* Students-test-project.app */ = {isa = PBXFileReference; explicitFileType = wrapper.application; includeInIndex = 0; path = "Students-test-project.app"; sourceTree = BUILT_PRODUCTS_DIR; };
		D7F18C80298D2A6100695AE1 /* AppDelegate.swift */ = {isa = PBXFileReference; lastKnownFileType = sourcecode.swift; path = AppDelegate.swift; sourceTree = "<group>"; };
		D7F18C82298D2A6100695AE1 /* SceneDelegate.swift */ = {isa = PBXFileReference; lastKnownFileType = sourcecode.swift; path = SceneDelegate.swift; sourceTree = "<group>"; };
		D7F18C84298D2A6100695AE1 /* ViewController.swift */ = {isa = PBXFileReference; lastKnownFileType = sourcecode.swift; path = ViewController.swift; sourceTree = "<group>"; };
		D7F18C87298D2A6100695AE1 /* Base */ = {isa = PBXFileReference; lastKnownFileType = file.storyboard; name = Base; path = Base.lproj/Main.storyboard; sourceTree = "<group>"; };
		D7F18C89298D2A6400695AE1 /* Assets.xcassets */ = {isa = PBXFileReference; lastKnownFileType = folder.assetcatalog; path = Assets.xcassets; sourceTree = "<group>"; };
		D7F18C8C298D2A6400695AE1 /* Base */ = {isa = PBXFileReference; lastKnownFileType = file.storyboard; name = Base; path = Base.lproj/LaunchScreen.storyboard; sourceTree = "<group>"; };
		D7F18C8E298D2A6400695AE1 /* Info.plist */ = {isa = PBXFileReference; lastKnownFileType = text.plist.xml; path = Info.plist; sourceTree = "<group>"; };
		D7F18C97298D2EDD00695AE1 /* UIView+Extension.swift */ = {isa = PBXFileReference; lastKnownFileType = sourcecode.swift; path = "UIView+Extension.swift"; sourceTree = "<group>"; };
		D7F18C9B298D32F600695AE1 /* UIColor+Extension.swift */ = {isa = PBXFileReference; lastKnownFileType = sourcecode.swift; path = "UIColor+Extension.swift"; sourceTree = "<group>"; };
		D7F18C9D298D34ED00695AE1 /* BackgroundView.swift */ = {isa = PBXFileReference; lastKnownFileType = sourcecode.swift; path = BackgroundView.swift; sourceTree = "<group>"; };
		D7F18C9F298D356700695AE1 /* CategoriesView.swift */ = {isa = PBXFileReference; lastKnownFileType = sourcecode.swift; path = CategoriesView.swift; sourceTree = "<group>"; };
		D7F18CA1298D358100695AE1 /* CategoriesViewCell.swift */ = {isa = PBXFileReference; lastKnownFileType = sourcecode.swift; path = CategoriesViewCell.swift; sourceTree = "<group>"; };
		D7F18CCE298DA28000695AE1 /* SF-Pro-Display-Regular.ttf */ = {isa = PBXFileReference; lastKnownFileType = file; path = "SF-Pro-Display-Regular.ttf"; sourceTree = "<group>"; };
		D7F18CD0298E1E6D00695AE1 /* SF-Pro-Display-Medium.ttf */ = {isa = PBXFileReference; lastKnownFileType = file; path = "SF-Pro-Display-Medium.ttf"; sourceTree = "<group>"; };
		D7F18CD2298E239400695AE1 /* SF-Pro-Display-Bold.ttf */ = {isa = PBXFileReference; lastKnownFileType = file; path = "SF-Pro-Display-Bold.ttf"; sourceTree = "<group>"; };
		D7F18CD4298E3DB300695AE1 /* BottomView.swift */ = {isa = PBXFileReference; lastKnownFileType = sourcecode.swift; path = BottomView.swift; sourceTree = "<group>"; };
		D7F18CE2298E60C500695AE1 /* DescriptionView.swift */ = {isa = PBXFileReference; lastKnownFileType = sourcecode.swift; path = DescriptionView.swift; sourceTree = "<group>"; };
		D7F18CE4298E61A300695AE1 /* TitleView.swift */ = {isa = PBXFileReference; lastKnownFileType = sourcecode.swift; path = TitleView.swift; sourceTree = "<group>"; };
		D7F18CE6298E6E1700695AE1 /* Resources.swift */ = {isa = PBXFileReference; lastKnownFileType = sourcecode.swift; path = Resources.swift; sourceTree = "<group>"; };
		D7F18CE9298EB30200695AE1 /* CategoriesView copy.swift */ = {isa = PBXFileReference; lastKnownFileType = sourcecode.swift; path = "CategoriesView copy.swift"; sourceTree = "<group>"; };
/* End PBXFileReference section */

/* Begin PBXFrameworksBuildPhase section */
		D7F18C7A298D2A6100695AE1 /* Frameworks */ = {
			isa = PBXFrameworksBuildPhase;
			buildActionMask = 2147483647;
			files = (
			);
			runOnlyForDeploymentPostprocessing = 0;
		};
/* End PBXFrameworksBuildPhase section */

/* Begin PBXGroup section */
		D7F18C74298D2A6100695AE1 = {
			isa = PBXGroup;
			children = (
				D7F18C7F298D2A6100695AE1 /* Students-test-project */,
				D7F18C7E298D2A6100695AE1 /* Products */,
			);
			sourceTree = "<group>";
		};
		D7F18C7E298D2A6100695AE1 /* Products */ = {
			isa = PBXGroup;
			children = (
				D7F18C7D298D2A6100695AE1 /* Students-test-project.app */,
			);
			name = Products;
			sourceTree = "<group>";
		};
		D7F18C7F298D2A6100695AE1 /* Students-test-project */ = {
			isa = PBXGroup;
			children = (
				D7F18CCD298DA26B00695AE1 /* Font */,
				D7F18C9A298D2EFE00695AE1 /* Controller */,
				D7F18C99298D2EF500695AE1 /* View */,
				D7F18C96298D2ED000695AE1 /* Helper */,
				D7F18C95298D2BAB00695AE1 /* Application */,
				D7F18C94298D2B9B00695AE1 /* SupportingFile */,
			);
			path = "Students-test-project";
			sourceTree = "<group>";
		};
		D7F18C94298D2B9B00695AE1 /* SupportingFile */ = {
			isa = PBXGroup;
			children = (
				D7F18C86298D2A6100695AE1 /* Main.storyboard */,
				D7F18C89298D2A6400695AE1 /* Assets.xcassets */,
				D7F18C8B298D2A6400695AE1 /* LaunchScreen.storyboard */,
				D7F18C8E298D2A6400695AE1 /* Info.plist */,
			);
			path = SupportingFile;
			sourceTree = "<group>";
		};
		D7F18C95298D2BAB00695AE1 /* Application */ = {
			isa = PBXGroup;
			children = (
				D7F18C80298D2A6100695AE1 /* AppDelegate.swift */,
				D7F18C82298D2A6100695AE1 /* SceneDelegate.swift */,
			);
			path = Application;
			sourceTree = "<group>";
		};
		D7F18C96298D2ED000695AE1 /* Helper */ = {
			isa = PBXGroup;
			children = (
				D7F18CE8298E6E2400695AE1 /* Extantion */,
				D7F18CE6298E6E1700695AE1 /* Resources.swift */,
			);
			path = Helper;
			sourceTree = "<group>";
		};
		D7F18C99298D2EF500695AE1 /* View */ = {
			isa = PBXGroup;
			children = (
				D7F18C9D298D34ED00695AE1 /* BackgroundView.swift */,
				D7F18CE4298E61A300695AE1 /* TitleView.swift */,
				D7F18CE2298E60C500695AE1 /* DescriptionView.swift */,
				D7F18C9F298D356700695AE1 /* CategoriesView.swift */,
				D7F18CE9298EB30200695AE1 /* CategoriesView copy.swift */,
				D7F18CA1298D358100695AE1 /* CategoriesViewCell.swift */,
				D7F18CD4298E3DB300695AE1 /* BottomView.swift */,
			);
			path = View;
			sourceTree = "<group>";
		};
		D7F18C9A298D2EFE00695AE1 /* Controller */ = {
			isa = PBXGroup;
			children = (
				D7F18C84298D2A6100695AE1 /* ViewController.swift */,
			);
			path = Controller;
			sourceTree = "<group>";
		};
		D7F18CCD298DA26B00695AE1 /* Font */ = {
			isa = PBXGroup;
			children = (
				D7F18CD2298E239400695AE1 /* SF-Pro-Display-Bold.ttf */,
				D7F18CD0298E1E6D00695AE1 /* SF-Pro-Display-Medium.ttf */,
				D7F18CCE298DA28000695AE1 /* SF-Pro-Display-Regular.ttf */,
			);
			path = Font;
			sourceTree = "<group>";
		};
		D7F18CE8298E6E2400695AE1 /* Extantion */ = {
			isa = PBXGroup;
			children = (
				D7F18C97298D2EDD00695AE1 /* UIView+Extension.swift */,
				D7F18C9B298D32F600695AE1 /* UIColor+Extension.swift */,
				D7716131298FA4DC00D86F74 /* Spacing+Extension.swift */,
			);
			path = Extantion;
			sourceTree = "<group>";
		};
/* End PBXGroup section */

/* Begin PBXNativeTarget section */
		D7F18C7C298D2A6100695AE1 /* Students-test-project */ = {
			isa = PBXNativeTarget;
			buildConfigurationList = D7F18C91298D2A6400695AE1 /* Build configuration list for PBXNativeTarget "Students-test-project" */;
			buildPhases = (
				D7F18C79298D2A6100695AE1 /* Sources */,
				D7F18C7A298D2A6100695AE1 /* Frameworks */,
				D7F18C7B298D2A6100695AE1 /* Resources */,
			);
			buildRules = (
			);
			dependencies = (
			);
			name = "Students-test-project";
			productName = "Students-test-project";
			productReference = D7F18C7D298D2A6100695AE1 /* Students-test-project.app */;
			productType = "com.apple.product-type.application";
		};
/* End PBXNativeTarget section */

/* Begin PBXProject section */
		D7F18C75298D2A6100695AE1 /* Project object */ = {
			isa = PBXProject;
			attributes = {
				BuildIndependentTargetsInParallel = 1;
				LastSwiftUpdateCheck = 1400;
				LastUpgradeCheck = 1400;
				TargetAttributes = {
					D7F18C7C298D2A6100695AE1 = {
						CreatedOnToolsVersion = 14.0.1;
					};
				};
			};
			buildConfigurationList = D7F18C78298D2A6100695AE1 /* Build configuration list for PBXProject "Students-test-project" */;
			compatibilityVersion = "Xcode 14.0";
			developmentRegion = en;
			hasScannedForEncodings = 0;
			knownRegions = (
				en,
				Base,
			);
			mainGroup = D7F18C74298D2A6100695AE1;
			productRefGroup = D7F18C7E298D2A6100695AE1 /* Products */;
			projectDirPath = "";
			projectRoot = "";
			targets = (
				D7F18C7C298D2A6100695AE1 /* Students-test-project */,
			);
		};
/* End PBXProject section */

/* Begin PBXResourcesBuildPhase section */
		D7F18C7B298D2A6100695AE1 /* Resources */ = {
			isa = PBXResourcesBuildPhase;
			buildActionMask = 2147483647;
			files = (
				D7F18C8D298D2A6400695AE1 /* LaunchScreen.storyboard in Resources */,
				D7F18C8A298D2A6400695AE1 /* Assets.xcassets in Resources */,
				D7F18C88298D2A6100695AE1 /* Main.storyboard in Resources */,
				D7F18CCF298DA28000695AE1 /* SF-Pro-Display-Regular.ttf in Resources */,
				D7F18CD1298E1E6D00695AE1 /* SF-Pro-Display-Medium.ttf in Resources */,
				D7F18CD3298E239400695AE1 /* SF-Pro-Display-Bold.ttf in Resources */,
			);
			runOnlyForDeploymentPostprocessing = 0;
		};
/* End PBXResourcesBuildPhase section */

/* Begin PBXSourcesBuildPhase section */
		D7F18C79298D2A6100695AE1 /* Sources */ = {
			isa = PBXSourcesBuildPhase;
			buildActionMask = 2147483647;
			files = (
				D7F18CD5298E3DB300695AE1 /* BottomView.swift in Sources */,
				D7F18C9E298D34ED00695AE1 /* BackgroundView.swift in Sources */,
				D7F18CA0298D356700695AE1 /* CategoriesView.swift in Sources */,
				D7F18CEA298EB30200695AE1 /* CategoriesView copy.swift in Sources */,
				D7F18C85298D2A6100695AE1 /* ViewController.swift in Sources */,
				D7F18C81298D2A6100695AE1 /* AppDelegate.swift in Sources */,
				D7F18CA2298D358100695AE1 /* CategoriesViewCell.swift in Sources */,
				D7F18C98298D2EDD00695AE1 /* UIView+Extension.swift in Sources */,
				D7F18C83298D2A6100695AE1 /* SceneDelegate.swift in Sources */,
				D7F18CE5298E61A300695AE1 /* TitleView.swift in Sources */,
				D7F18CE7298E6E1700695AE1 /* Resources.swift in Sources */,
				D7F18C9C298D32F600695AE1 /* UIColor+Extension.swift in Sources */,
				D7F18CE3298E60C500695AE1 /* DescriptionView.swift in Sources */,
				D7716132298FA4DC00D86F74 /* Spacing+Extension.swift in Sources */,
			);
			runOnlyForDeploymentPostprocessing = 0;
		};
/* End PBXSourcesBuildPhase section */

/* Begin PBXVariantGroup section */
		D7F18C86298D2A6100695AE1 /* Main.storyboard */ = {
			isa = PBXVariantGroup;
			children = (
				D7F18C87298D2A6100695AE1 /* Base */,
			);
			name = Main.storyboard;
			sourceTree = "<group>";
		};
		D7F18C8B298D2A6400695AE1 /* LaunchScreen.storyboard */ = {
			isa = PBXVariantGroup;
			children = (
				D7F18C8C298D2A6400695AE1 /* Base */,
			);
			name = LaunchScreen.storyboard;
			sourceTree = "<group>";
		};
/* End PBXVariantGroup section */

/* Begin XCBuildConfiguration section */
		D7F18C8F298D2A6400695AE1 /* Debug */ = {
			isa = XCBuildConfiguration;
			buildSettings = {
				ALWAYS_SEARCH_USER_PATHS = NO;
				CLANG_ANALYZER_NONNULL = YES;
				CLANG_ANALYZER_NUMBER_OBJECT_CONVERSION = YES_AGGRESSIVE;
				CLANG_CXX_LANGUAGE_STANDARD = "gnu++20";
				CLANG_ENABLE_MODULES = YES;
				CLANG_ENABLE_OBJC_ARC = YES;
				CLANG_ENABLE_OBJC_WEAK = YES;
				CLANG_WARN_BLOCK_CAPTURE_AUTORELEASING = YES;
				CLANG_WARN_BOOL_CONVERSION = YES;
				CLANG_WARN_COMMA = YES;
				CLANG_WARN_CONSTANT_CONVERSION = YES;
				CLANG_WARN_DEPRECATED_OBJC_IMPLEMENTATIONS = YES;
				CLANG_WARN_DIRECT_OBJC_ISA_USAGE = YES_ERROR;
				CLANG_WARN_DOCUMENTATION_COMMENTS = YES;
				CLANG_WARN_EMPTY_BODY = YES;
				CLANG_WARN_ENUM_CONVERSION = YES;
				CLANG_WARN_INFINITE_RECURSION = YES;
				CLANG_WARN_INT_CONVERSION = YES;
				CLANG_WARN_NON_LITERAL_NULL_CONVERSION = YES;
				CLANG_WARN_OBJC_IMPLICIT_RETAIN_SELF = YES;
				CLANG_WARN_OBJC_LITERAL_CONVERSION = YES;
				CLANG_WARN_OBJC_ROOT_CLASS = YES_ERROR;
				CLANG_WARN_QUOTED_INCLUDE_IN_FRAMEWORK_HEADER = YES;
				CLANG_WARN_RANGE_LOOP_ANALYSIS = YES;
				CLANG_WARN_STRICT_PROTOTYPES = YES;
				CLANG_WARN_SUSPICIOUS_MOVE = YES;
				CLANG_WARN_UNGUARDED_AVAILABILITY = YES_AGGRESSIVE;
				CLANG_WARN_UNREACHABLE_CODE = YES;
				CLANG_WARN__DUPLICATE_METHOD_MATCH = YES;
				COPY_PHASE_STRIP = NO;
				DEBUG_INFORMATION_FORMAT = dwarf;
				ENABLE_STRICT_OBJC_MSGSEND = YES;
				ENABLE_TESTABILITY = YES;
				GCC_C_LANGUAGE_STANDARD = gnu11;
				GCC_DYNAMIC_NO_PIC = NO;
				GCC_NO_COMMON_BLOCKS = YES;
				GCC_OPTIMIZATION_LEVEL = 0;
				GCC_PREPROCESSOR_DEFINITIONS = (
					"DEBUG=1",
					"$(inherited)",
				);
				GCC_WARN_64_TO_32_BIT_CONVERSION = YES;
				GCC_WARN_ABOUT_RETURN_TYPE = YES_ERROR;
				GCC_WARN_UNDECLARED_SELECTOR = YES;
				GCC_WARN_UNINITIALIZED_AUTOS = YES_AGGRESSIVE;
				GCC_WARN_UNUSED_FUNCTION = YES;
				GCC_WARN_UNUSED_VARIABLE = YES;
				IPHONEOS_DEPLOYMENT_TARGET = 16.0;
				MTL_ENABLE_DEBUG_INFO = INCLUDE_SOURCE;
				MTL_FAST_MATH = YES;
				ONLY_ACTIVE_ARCH = YES;
				SDKROOT = iphoneos;
				SWIFT_ACTIVE_COMPILATION_CONDITIONS = DEBUG;
				SWIFT_OPTIMIZATION_LEVEL = "-Onone";
			};
			name = Debug;
		};
		D7F18C90298D2A6400695AE1 /* Release */ = {
			isa = XCBuildConfiguration;
			buildSettings = {
				ALWAYS_SEARCH_USER_PATHS = NO;
				CLANG_ANALYZER_NONNULL = YES;
				CLANG_ANALYZER_NUMBER_OBJECT_CONVERSION = YES_AGGRESSIVE;
				CLANG_CXX_LANGUAGE_STANDARD = "gnu++20";
				CLANG_ENABLE_MODULES = YES;
				CLANG_ENABLE_OBJC_ARC = YES;
				CLANG_ENABLE_OBJC_WEAK = YES;
				CLANG_WARN_BLOCK_CAPTURE_AUTORELEASING = YES;
				CLANG_WARN_BOOL_CONVERSION = YES;
				CLANG_WARN_COMMA = YES;
				CLANG_WARN_CONSTANT_CONVERSION = YES;
				CLANG_WARN_DEPRECATED_OBJC_IMPLEMENTATIONS = YES;
				CLANG_WARN_DIRECT_OBJC_ISA_USAGE = YES_ERROR;
				CLANG_WARN_DOCUMENTATION_COMMENTS = YES;
				CLANG_WARN_EMPTY_BODY = YES;
				CLANG_WARN_ENUM_CONVERSION = YES;
				CLANG_WARN_INFINITE_RECURSION = YES;
				CLANG_WARN_INT_CONVERSION = YES;
				CLANG_WARN_NON_LITERAL_NULL_CONVERSION = YES;
				CLANG_WARN_OBJC_IMPLICIT_RETAIN_SELF = YES;
				CLANG_WARN_OBJC_LITERAL_CONVERSION = YES;
				CLANG_WARN_OBJC_ROOT_CLASS = YES_ERROR;
				CLANG_WARN_QUOTED_INCLUDE_IN_FRAMEWORK_HEADER = YES;
				CLANG_WARN_RANGE_LOOP_ANALYSIS = YES;
				CLANG_WARN_STRICT_PROTOTYPES = YES;
				CLANG_WARN_SUSPICIOUS_MOVE = YES;
				CLANG_WARN_UNGUARDED_AVAILABILITY = YES_AGGRESSIVE;
				CLANG_WARN_UNREACHABLE_CODE = YES;
				CLANG_WARN__DUPLICATE_METHOD_MATCH = YES;
				COPY_PHASE_STRIP = NO;
				DEBUG_INFORMATION_FORMAT = "dwarf-with-dsym";
				ENABLE_NS_ASSERTIONS = NO;
				ENABLE_STRICT_OBJC_MSGSEND = YES;
				GCC_C_LANGUAGE_STANDARD = gnu11;
				GCC_NO_COMMON_BLOCKS = YES;
				GCC_WARN_64_TO_32_BIT_CONVERSION = YES;
				GCC_WARN_ABOUT_RETURN_TYPE = YES_ERROR;
				GCC_WARN_UNDECLARED_SELECTOR = YES;
				GCC_WARN_UNINITIALIZED_AUTOS = YES_AGGRESSIVE;
				GCC_WARN_UNUSED_FUNCTION = YES;
				GCC_WARN_UNUSED_VARIABLE = YES;
				IPHONEOS_DEPLOYMENT_TARGET = 16.0;
				MTL_ENABLE_DEBUG_INFO = NO;
				MTL_FAST_MATH = YES;
				SDKROOT = iphoneos;
				SWIFT_COMPILATION_MODE = wholemodule;
				SWIFT_OPTIMIZATION_LEVEL = "-O";
				VALIDATE_PRODUCT = YES;
			};
			name = Release;
		};
		D7F18C92298D2A6400695AE1 /* Debug */ = {
			isa = XCBuildConfiguration;
			buildSettings = {
				ASSETCATALOG_COMPILER_APPICON_NAME = AppIcon;
				ASSETCATALOG_COMPILER_GLOBAL_ACCENT_COLOR_NAME = AccentColor;
				CODE_SIGN_STYLE = Automatic;
				CURRENT_PROJECT_VERSION = 1;
				DEVELOPMENT_TEAM = Q6CQH2T6SR;
				GENERATE_INFOPLIST_FILE = YES;
				INFOPLIST_FILE = "Students-test-project/SupportingFile/Info.plist";
				INFOPLIST_KEY_UIApplicationSupportsIndirectInputEvents = YES;
				INFOPLIST_KEY_UILaunchStoryboardName = LaunchScreen;
				INFOPLIST_KEY_UIMainStoryboardFile = Main;
				INFOPLIST_KEY_UISupportedInterfaceOrientations_iPad = "UIInterfaceOrientationPortrait UIInterfaceOrientationPortraitUpsideDown UIInterfaceOrientationLandscapeLeft UIInterfaceOrientationLandscapeRight";
				INFOPLIST_KEY_UISupportedInterfaceOrientations_iPhone = "UIInterfaceOrientationPortrait UIInterfaceOrientationLandscapeLeft UIInterfaceOrientationLandscapeRight";
				LD_RUNPATH_SEARCH_PATHS = (
					"$(inherited)",
					"@executable_path/Frameworks",
				);
				MARKETING_VERSION = 1.0;
				PRODUCT_BUNDLE_IDENTIFIER = "com.pet.Students-test-project";
				PRODUCT_NAME = "$(TARGET_NAME)";
				SWIFT_EMIT_LOC_STRINGS = YES;
				SWIFT_VERSION = 5.0;
				TARGETED_DEVICE_FAMILY = "1,2";
			};
			name = Debug;
		};
		D7F18C93298D2A6400695AE1 /* Release */ = {
			isa = XCBuildConfiguration;
			buildSettings = {
				ASSETCATALOG_COMPILER_APPICON_NAME = AppIcon;
				ASSETCATALOG_COMPILER_GLOBAL_ACCENT_COLOR_NAME = AccentColor;
				CODE_SIGN_STYLE = Automatic;
				CURRENT_PROJECT_VERSION = 1;
				DEVELOPMENT_TEAM = Q6CQH2T6SR;
				GENERATE_INFOPLIST_FILE = YES;
				INFOPLIST_FILE = "Students-test-project/SupportingFile/Info.plist";
				INFOPLIST_KEY_UIApplicationSupportsIndirectInputEvents = YES;
				INFOPLIST_KEY_UILaunchStoryboardName = LaunchScreen;
				INFOPLIST_KEY_UIMainStoryboardFile = Main;
				INFOPLIST_KEY_UISupportedInterfaceOrientations_iPad = "UIInterfaceOrientationPortrait UIInterfaceOrientationPortraitUpsideDown UIInterfaceOrientationLandscapeLeft UIInterfaceOrientationLandscapeRight";
				INFOPLIST_KEY_UISupportedInterfaceOrientations_iPhone = "UIInterfaceOrientationPortrait UIInterfaceOrientationLandscapeLeft UIInterfaceOrientationLandscapeRight";
				LD_RUNPATH_SEARCH_PATHS = (
					"$(inherited)",
					"@executable_path/Frameworks",
				);
				MARKETING_VERSION = 1.0;
				PRODUCT_BUNDLE_IDENTIFIER = "com.pet.Students-test-project";
				PRODUCT_NAME = "$(TARGET_NAME)";
				SWIFT_EMIT_LOC_STRINGS = YES;
				SWIFT_VERSION = 5.0;
				TARGETED_DEVICE_FAMILY = "1,2";
			};
			name = Release;
		};
/* End XCBuildConfiguration section */

/* Begin XCConfigurationList section */
		D7F18C78298D2A6100695AE1 /* Build configuration list for PBXProject "Students-test-project" */ = {
			isa = XCConfigurationList;
			buildConfigurations = (
				D7F18C8F298D2A6400695AE1 /* Debug */,
				D7F18C90298D2A6400695AE1 /* Release */,
			);
			defaultConfigurationIsVisible = 0;
			defaultConfigurationName = Release;
		};
		D7F18C91298D2A6400695AE1 /* Build configuration list for PBXNativeTarget "Students-test-project" */ = {
			isa = XCConfigurationList;
			buildConfigurations = (
				D7F18C92298D2A6400695AE1 /* Debug */,
				D7F18C93298D2A6400695AE1 /* Release */,
			);
			defaultConfigurationIsVisible = 0;
			defaultConfigurationName = Release;
		};
/* End XCConfigurationList section */
	};
	rootObject = D7F18C75298D2A6100695AE1 /* Project object */;
}
